
Microsoft Visual Studio Solution File, Format Version 12.00
# Visual Studio Version 16
VisualStudioVersion = 16.0.29728.190
MinimumVisualStudioVersion = 10.0.40219.1
Project("{FAE04EC0-301F-11D3-BF4B-00C04F79EFBC}") = "CovidApp_Part2", "CovidApp_Part2\CovidApp_Part2.csproj", "{E8DA8CDB-A816-47C1-83F3-7BD54958E10F}"
EndProject
Global
	GlobalSection(SolutionConfigurationPlatforms) = preSolution
		Debug|Any CPU = Debug|Any CPU
		Release|Any CPU = Release|Any CPU
	EndGlobalSection
	GlobalSection(ProjectConfigurationPlatforms) = postSolution
		{E8DA8CDB-A816-47C1-83F3-7BD54958E10F}.Debug|Any CPU.ActiveCfg = Debug|Any CPU
		{E8DA8CDB-A816-47C1-83F3-7BD54958E10F}.Debug|Any CPU.Build.0 = Debug|Any CPU
		{E8DA8CDB-A816-47C1-83F3-7BD54958E10F}.Release|Any CPU.ActiveCfg = Release|Any CPU
		{E8DA8CDB-A816-47C1-83F3-7BD54958E10F}.Release|Any CPU.Build.0 = Release|Any CPU
	EndGlobalSection
	GlobalSection(SolutionProperties) = preSolution
		HideSolutionNode = FALSE
	EndGlobalSection
	GlobalSection(ExtensibilityGlobals) = postSolution
		SolutionGuid = {59DA5F80-2D09-4606-A069-9B1D42E51428}
	EndGlobalSection
EndGlobal
